Microsoft Visual Studio Solution File, Format Version 12.00
# Visual Studio Version 17
VisualStudioVersion = 17.0.31717.71
MinimumVisualStudioVersion = 10.0.40219.1
Project("{9A19103F-16F7-4668-BE54-9A1E7A4F7556}") = "AmazingShopPV113.Backend", "AmazingShopPV113.Backend\AmazingShopPV113.Backend.csproj", "{E8E36938-2E45-4601-B7A2-A0644CF85D25}"
EndProject
Project("{9A19103F-16F7-4668-BE54-9A1E7A4F7556}") = "AmazingShopPV113.HttpApiClient", "AmazingShopPV113.HttpApiClient\AmazingShopPV113.HttpApiClient.csproj", "{BCFED199-89C5-49C3-B709-66BA24E19DA2}"
EndProject
Project("{9A19103F-16F7-4668-BE54-9A1E7A4F7556}") = "AmazingShopPV113.Models", "AmazingShopPV113.Models\AmazingShopPV113.Models.csproj", "{29D811FF-749D-4B69-9BFC-33BB77F65F64}"
EndProject
Project("{9A19103F-16F7-4668-BE54-9A1E7A4F7556}") = "AmazingShopPV113.FrontendBlazor", "AmazingShopPV113.FrontendBlazor\AmazingShopPV113.FrontendBlazor.csproj", "{054FADDA-8B21-42E9-9BCE-EAD41BD1A49C}"
EndProject
Global
	GlobalSection(SolutionConfigurationPlatforms) = preSolution
		Debug|Any CPU = Debug|Any CPU
		Release|Any CPU = Release|Any CPU
	EndGlobalSection
	GlobalSection(ProjectConfigurationPlatforms) = postSolution
		{E8E36938-2E45-4601-B7A2-A0644CF85D25}.Debug|Any CPU.ActiveCfg = Debug|Any CPU
		{E8E36938-2E45-4601-B7A2-A0644CF85D25}.Debug|Any CPU.Build.0 = Debug|Any CPU
		{E8E36938-2E45-4601-B7A2-A0644CF85D25}.Release|Any CPU.ActiveCfg = Release|Any CPU
		{E8E36938-2E45-4601-B7A2-A0644CF85D25}.Release|Any CPU.Build.0 = Release|Any CPU
		{BCFED199-89C5-49C3-B709-66BA24E19DA2}.Debug|Any CPU.ActiveCfg = Debug|Any CPU
		{BCFED199-89C5-49C3-B709-66BA24E19DA2}.Debug|Any CPU.Build.0 = Debug|Any CPU
		{BCFED199-89C5-49C3-B709-66BA24E19DA2}.Release|Any CPU.ActiveCfg = Release|Any CPU
		{BCFED199-89C5-49C3-B709-66BA24E19DA2}.Release|Any CPU.Build.0 = Release|Any CPU
		{29D811FF-749D-4B69-9BFC-33BB77F65F64}.Debug|Any CPU.ActiveCfg = Debug|Any CPU
		{29D811FF-749D-4B69-9BFC-33BB77F65F64}.Debug|Any CPU.Build.0 = Debug|Any CPU
		{29D811FF-749D-4B69-9BFC-33BB77F65F64}.Release|Any CPU.ActiveCfg = Release|Any CPU
		{29D811FF-749D-4B69-9BFC-33BB77F65F64}.Release|Any CPU.Build.0 = Release|Any CPU
		{054FADDA-8B21-42E9-9BCE-EAD41BD1A49C}.Debug|Any CPU.ActiveCfg = Debug|Any CPU
		{054FADDA-8B21-42E9-9BCE-EAD41BD1A49C}.Debug|Any CPU.Build.0 = Debug|Any CPU
		{054FADDA-8B21-42E9-9BCE-EAD41BD1A49C}.Release|Any CPU.ActiveCfg = Release|Any CPU
		{054FADDA-8B21-42E9-9BCE-EAD41BD1A49C}.Release|Any CPU.Build.0 = Release|Any CPU
	EndGlobalSection
	GlobalSection(SolutionProperties) = preSolution
		HideSolutionNode = FALSE
	EndGlobalSection
	GlobalSection(ExtensibilityGlobals) = postSolution
		SolutionGuid = {546BB5AB-C3C6-4402-A8E2-D56CEF83873F}
	EndGlobalSection
EndGlobal
